github.com/a2aproject/a2a-go/v2 v2.5.0 h1:ZdcFoxv+nZTUV0i2ue5hES76YCANFPG9vjqd7vK8yWM=
github.com/a2aproject/a2a-go/v2 v2.5.0/go.mod h1:NcRp/ZHxgMzDj12/BteIC2gOjljuEBKaGRfEdJ2lNSI=
github.com/modelcontextprotocol/go-sdk v1.7.0 h1:yqjY2dsbKAC0LSuWZVBMrHgiG8ukXv6NRo0JiALay44=
github.com/modelcontextprotocol/go-sdk v1.7.0/go.mod h1:dL7u98E/zjJTGzEq+j30jQ8K2k1mb6LeAH4inEcSGts=
